
Microsoft Visual Studio Solution File, Format Version 12.00
# Visual Studio 14
VisualStudioVersion = 14.0.22823.1
MinimumVisualStudioVersion = 10.0.40219.1
Project("{E24C65DC-7377-472B-9ABA-BC803B73C61A}") = "BallStory", "..\", "{92B65601-30C9-4AF4-A33F-5B1A91E51885}"
	ProjectSection(WebsiteProperties) = preProject
		TargetFrameworkMoniker = ".NETFramework,Version%3Dv4.0"
		Debug.AspNetCompiler.VirtualPath = "/localhost_50632"
		Debug.AspNetCompiler.PhysicalPath = "..\..\BallStory\"
		Debug.AspNetCompiler.TargetPath = "PrecompiledWeb\localhost_50632\"
		Debug.AspNetCompiler.Updateable = "true"
		Debug.AspNetCompiler.ForceOverwrite = "true"
		Debug.AspNetCompiler.FixedNames = "false"
		Debug.AspNetCompiler.Debug = "True"
		Release.AspNetCompiler.VirtualPath = "/localhost_50632"
		Release.AspNetCompiler.PhysicalPath = "..\..\BallStory\"
		Release.AspNetCompiler.TargetPath = "PrecompiledWeb\localhost_50632\"
		Release.AspNetCompiler.Updateable = "true"
		Release.AspNetCompiler.ForceOverwrite = "true"
		Release.AspNetCompiler.FixedNames = "false"
		Release.AspNetCompiler.Debug = "False"
		VWDPort = "50632"
		SlnRelativePath = "..\..\BallStory\"
	EndProjectSection
EndProject
Project("{2150E333-8FDC-42A3-9474-1A3956D46DE8}") = "Solution Items", "Solution Items", "{2B9E2752-ED47-4A67-B51C-4C44EF9960EE}"
EndProject
Global
	GlobalSection(SolutionConfigurationPlatforms) = preSolution
		Debug|Any CPU = Debug|Any CPU
	EndGlobalSection
	GlobalSection(ProjectConfigurationPlatforms) = postSolution
		{92B65601-30C9-4AF4-A33F-5B1A91E51885}.Debug|Any CPU.ActiveCfg = Debug|Any CPU
		{92B65601-30C9-4AF4-A33F-5B1A91E51885}.Debug|Any CPU.Build.0 = Debug|Any CPU
	EndGlobalSection
	GlobalSection(SolutionProperties) = preSolution
		HideSolutionNode = FALSE
	EndGlobalSection
EndGlobal
